
Microsoft Visual Studio Solution File, Format Version 12.00
# Visual Studio 15
VisualStudioVersion = 15.0.26403.3
MinimumVisualStudioVersion = 10.0.40219.1
Project("{FAE04EC0-301F-11D3-BF4B-00C04F79EFBC}") = "TinhToanTaiChinh", "TinhToanTaiChinh\TinhToanTaiChinh.csproj", "{5D244CE2-20CE-4CE8-9A5E-E90C1345F991}"
EndProject
Project("{FAE04EC0-301F-11D3-BF4B-00C04F79EFBC}") = "MoHinhTrongSo", "MoHinhTrongSo\MoHinhTrongSo.csproj", "{C4045811-E90F-40D9-A543-B233A132C09F}"
EndProject
Global
	GlobalSection(SolutionConfigurationPlatforms) = preSolution
		Debug|Any CPU = Debug|Any CPU
		Release|Any CPU = Release|Any CPU
	EndGlobalSection
	GlobalSection(ProjectConfigurationPlatforms) = postSolution
		{5D244CE2-20CE-4CE8-9A5E-E90C1345F991}.Debug|Any CPU.ActiveCfg = Debug|Any CPU
		{5D244CE2-20CE-4CE8-9A5E-E90C1345F991}.Debug|Any CPU.Build.0 = Debug|Any CPU
		{5D244CE2-20CE-4CE8-9A5E-E90C1345F991}.Release|Any CPU.ActiveCfg = Release|Any CPU
		{5D244CE2-20CE-4CE8-9A5E-E90C1345F991}.Release|Any CPU.Build.0 = Release|Any CPU
		{C4045811-E90F-40D9-A543-B233A132C09F}.Debug|Any CPU.ActiveCfg = Debug|Any CPU
		{C4045811-E90F-40D9-A543-B233A132C09F}.Debug|Any CPU.Build.0 = Debug|Any CPU
		{C4045811-E90F-40D9-A543-B233A132C09F}.Release|Any CPU.ActiveCfg = Release|Any CPU
		{C4045811-E90F-40D9-A543-B233A132C09F}.Release|Any CPU.Build.0 = Release|Any CPU
	EndGlobalSection
	GlobalSection(SolutionProperties) = preSolution
		HideSolutionNode = FALSE
	EndGlobalSection
EndGlobal
